{
  "name": "jd-css",
  "version": "1.0.0",
  "lockfileVersion": 1,
  "requires": true,
  "dependencies": {
    "jd-flex-grid": {
      "version": "0.0.1",
      "resolved": "https://registry.npmjs.org/jd-flex-grid/-/jd-flex-grid-0.0.1.tgz",
      "integrity": "sha512-x2atZR12AzwgthZxp8RQms2PEIkfNFUnqDYzKRSfbMwlxngfBH3RzM2pypd0TbSGRyhrnacO1RtEpBYxWZTyXA=="
    }
  }
}
